// !$*UTF8*$!
{
	archiveVersion = 1;
	classes = {
	};
	objectVersion = 55;
	objects = {

/* Begin PBXBuildFile section */
		355FEF3D29216DEF000E0E20 /* APIService.swift in Sources */ = {isa = PBXBuildFile; fileRef = 355FEF3C29216DEF000E0E20 /* APIService.swift */; };
		355FEF3F29216E87000E0E20 /* NConstants.swift in Sources */ = {isa = PBXBuildFile; fileRef = 355FEF3E29216E87000E0E20 /* NConstants.swift */; };
		355FEF4129217032000E0E20 /* BaseErrorModel.swift in Sources */ = {isa = PBXBuildFile; fileRef = 355FEF4029217032000E0E20 /* BaseErrorModel.swift */; };
		355FEF4429217AA7000E0E20 /* UIViewController + Extension.swift in Sources */ = {isa = PBXBuildFile; fileRef = 355FEF4329217AA7000E0E20 /* UIViewController + Extension.swift */; };
		355FEF462921804A000E0E20 /* AvailableCurrenciesModel.swift in Sources */ = {isa = PBXBuildFile; fileRef = 355FEF452921804A000E0E20 /* AvailableCurrenciesModel.swift */; };
		35A154352926221A0032D308 /* historical_data.json in Resources */ = {isa = PBXBuildFile; fileRef = 35F6DA6129256189006F9419 /* historical_data.json */; };
		35A1543729263E700032D308 /* CurrencyModel.swift in Sources */ = {isa = PBXBuildFile; fileRef = 35A1543629263E700032D308 /* CurrencyModel.swift */; };
		35A154392926679E0032D308 /* HistoricalConversionsRatesModel.swift in Sources */ = {isa = PBXBuildFile; fileRef = 35A154382926679E0032D308 /* HistoricalConversionsRatesModel.swift */; };
		35A1543D29266AE20032D308 /* Historical_ConversionsRates.json in Resources */ = {isa = PBXBuildFile; fileRef = 35A1543C29266AE20032D308 /* Historical_ConversionsRates.json */; };
		35A4DD032926D52400C69432 /* CurrencyRateModel.swift in Sources */ = {isa = PBXBuildFile; fileRef = 35A4DD022926D52400C69432 /* CurrencyRateModel.swift */; };
		35AB09172924D8EF002E438E /* MockApiService.swift in Sources */ = {isa = PBXBuildFile; fileRef = 35AB09162924D8EF002E438E /* MockApiService.swift */; };
		35AB091B2924DC75002E438E /* ConvertCurrencyViewModelTests.swift in Sources */ = {isa = PBXBuildFile; fileRef = 35AB091A2924DC75002E438E /* ConvertCurrencyViewModelTests.swift */; };
		35AFDF88292121C800D3395B /* ConvertCurrencyViewController.swift in Sources */ = {isa = PBXBuildFile; fileRef = 35AFDF87292121C800D3395B /* ConvertCurrencyViewController.swift */; };
		35AFDF8A292121EC00D3395B /* ConvertCurrencyViewModel.swift in Sources */ = {isa = PBXBuildFile; fileRef = 35AFDF89292121EC00D3395B /* ConvertCurrencyViewModel.swift */; };
		35AFDF8C2921220400D3395B /* ConvertModel.swift in Sources */ = {isa = PBXBuildFile; fileRef = 35AFDF8B2921220400D3395B /* ConvertModel.swift */; };
		35AFDF8E292122DE00D3395B /* ConvertCurrency.storyboard in Resources */ = {isa = PBXBuildFile; fileRef = 35AFDF8D292122DE00D3395B /* ConvertCurrency.storyboard */; };
		35D17823292258F4008D26BE /* AlertViewController.swift in Sources */ = {isa = PBXBuildFile; fileRef = 35D17822292258F4008D26BE /* AlertViewController.swift */; };
		35D1782B2922BC3F008D26BE /* HistoricalDataViewController.swift in Sources */ = {isa = PBXBuildFile; fileRef = 35D1782A2922BC3F008D26BE /* HistoricalDataViewController.swift */; };
		35D1782D2922BC7F008D26BE /* HistoricalDataViewModel.swift in Sources */ = {isa = PBXBuildFile; fileRef = 35D1782C2922BC7F008D26BE /* HistoricalDataViewModel.swift */; };
		35D1783E292301B5008D26BE /* ConvertCurrencyTests.swift in Sources */ = {isa = PBXBuildFile; fileRef = 35D1783D292301B5008D26BE /* ConvertCurrencyTests.swift */; };
		35E10406292109AB005335FF /* AppDelegate.swift in Sources */ = {isa = PBXBuildFile; fileRef = 35E10405292109AB005335FF /* AppDelegate.swift */; };
		35E10408292109AB005335FF /* SceneDelegate.swift in Sources */ = {isa = PBXBuildFile; fileRef = 35E10407292109AB005335FF /* SceneDelegate.swift */; };
		35E1040F292109AE005335FF /* Assets.xcassets in Resources */ = {isa = PBXBuildFile; fileRef = 35E1040E292109AE005335FF /* Assets.xcassets */; };
		35E10412292109AE005335FF /* LaunchScreen.storyboard in Resources */ = {isa = PBXBuildFile; fileRef = 35E10410292109AE005335FF /* LaunchScreen.storyboard */; };
		35E562E329240B9300CA866A /* currencies_list.json in Resources */ = {isa = PBXBuildFile; fileRef = 3523A6952923EF1200CE7359 /* currencies_list.json */; };
		35F6DA5A292529DE006F9419 /* TestingConvertCurrencyUITextFieldPropertiesTests.swift in Sources */ = {isa = PBXBuildFile; fileRef = 35F6DA59292529DE006F9419 /* TestingConvertCurrencyUITextFieldPropertiesTests.swift */; };
		35F6DA5C29253518006F9419 /* TestingConvertCurrencyUIButtonsTests.swift in Sources */ = {isa = PBXBuildFile; fileRef = 35F6DA5B29253518006F9419 /* TestingConvertCurrencyUIButtonsTests.swift */; };
		35F6DA5E29255CFC006F9419 /* HistoricalRatesModel.swift in Sources */ = {isa = PBXBuildFile; fileRef = 35F6DA5D29255CFC006F9419 /* HistoricalRatesModel.swift */; };
		35F6DA6529256E62006F9419 /* HistoricalDataTableViewCell.swift in Sources */ = {isa = PBXBuildFile; fileRef = 35F6DA6329256E62006F9419 /* HistoricalDataTableViewCell.swift */; };
		35F6DA6629256E62006F9419 /* HistoricalDataTableViewCell.xib in Resources */ = {isa = PBXBuildFile; fileRef = 35F6DA6429256E62006F9419 /* HistoricalDataTableViewCell.xib */; };
		59854B111D59096C7AC9626C /* Pods_CurrencyAppTests.framework in Frameworks */ = {isa = PBXBuildFile; fileRef = D6422FAF86E6C2E831B0ABBB /* Pods_CurrencyAppTests.framework */; };
		B2F90C0B697C28458A798F2D /* Pods_CurrencyApp.framework in Frameworks */ = {isa = PBXBuildFile; fileRef = 9D2BECCE0301A79BF0E21639 /* Pods_CurrencyApp.framework */; };
/* End PBXBuildFile section */

/* Begin PBXContainerItemProxy section */
		35D178382922FDD9008D26BE /* PBXContainerItemProxy */ = {
			isa = PBXContainerItemProxy;
			containerPortal = 35E103FA292109AB005335FF /* Project object */;
			proxyType = 1;
			remoteGlobalIDString = 35E10401292109AB005335FF;
			remoteInfo = CurrencyApp;
		};
/* End PBXContainerItemProxy section */

/* Begin PBXFileReference section */
		3523A6952923EF1200CE7359 /* currencies_list.json */ = {isa = PBXFileReference; lastKnownFileType = text.json; path = currencies_list.json; sourceTree = "<group>"; };
		355FEF3C29216DEF000E0E20 /* APIService.swift */ = {isa = PBXFileReference; lastKnownFileType = sourcecode.swift; path = APIService.swift; sourceTree = "<group>"; };
		355FEF3E29216E87000E0E20 /* NConstants.swift */ = {isa = PBXFileReference; lastKnownFileType = sourcecode.swift; path = NConstants.swift; sourceTree = "<group>"; };
		355FEF4029217032000E0E20 /* BaseErrorModel.swift */ = {isa = PBXFileReference; lastKnownFileType = sourcecode.swift; path = BaseErrorModel.swift; sourceTree = "<group>"; };
		355FEF4329217AA7000E0E20 /* UIViewController + Extension.swift */ = {isa = PBXFileReference; lastKnownFileType = sourcecode.swift; path = "UIViewController + Extension.swift"; sourceTree = "<group>"; };
		355FEF452921804A000E0E20 /* AvailableCurrenciesModel.swift */ = {isa = PBXFileReference; lastKnownFileType = sourcecode.swift; path = AvailableCurrenciesModel.swift; sourceTree = "<group>"; };
		35A1543629263E700032D308 /* CurrencyModel.swift */ = {isa = PBXFileReference; lastKnownFileType = sourcecode.swift; path = CurrencyModel.swift; sourceTree = "<group>"; };
		35A154382926679E0032D308 /* HistoricalConversionsRatesModel.swift */ = {isa = PBXFileReference; lastKnownFileType = sourcecode.swift; path = HistoricalConversionsRatesModel.swift; sourceTree = "<group>"; };
		35A1543C29266AE20032D308 /* Historical_ConversionsRates.json */ = {isa = PBXFileReference; lastKnownFileType = text.json; path = Historical_ConversionsRates.json; sourceTree = "<group>"; };
		35A4DD022926D52400C69432 /* CurrencyRateModel.swift */ = {isa = PBXFileReference; lastKnownFileType = sourcecode.swift; path = CurrencyRateModel.swift; sourceTree = "<group>"; };
		35AB09162924D8EF002E438E /* MockApiService.swift */ = {isa = PBXFileReference; lastKnownFileType = sourcecode.swift; path = MockApiService.swift; sourceTree = "<group>"; };
		35AB091A2924DC75002E438E /* ConvertCurrencyViewModelTests.swift */ = {isa = PBXFileReference; lastKnownFileType = sourcecode.swift; path = ConvertCurrencyViewModelTests.swift; sourceTree = "<group>"; };
		35AFDF87292121C800D3395B /* ConvertCurrencyViewController.swift */ = {isa = PBXFileReference; lastKnownFileType = sourcecode.swift; path = ConvertCurrencyViewController.swift; sourceTree = "<group>"; };
		35AFDF89292121EC00D3395B /* ConvertCurrencyViewModel.swift */ = {isa = PBXFileReference; lastKnownFileType = sourcecode.swift; path = ConvertCurrencyViewModel.swift; sourceTree = "<group>"; };
		35AFDF8B2921220400D3395B /* ConvertModel.swift */ = {isa = PBXFileReference; lastKnownFileType = sourcecode.swift; path = ConvertModel.swift; sourceTree = "<group>"; };
		35AFDF8D292122DE00D3395B /* ConvertCurrency.storyboard */ = {isa = PBXFileReference; lastKnownFileType = file.storyboard; path = ConvertCurrency.storyboard; sourceTree = "<group>"; };
		35D17822292258F4008D26BE /* AlertViewController.swift */ = {isa = PBXFileReference; lastKnownFileType = sourcecode.swift; path = AlertViewController.swift; sourceTree = "<group>"; };
		35D1782A2922BC3F008D26BE /* HistoricalDataViewController.swift */ = {isa = PBXFileReference; lastKnownFileType = sourcecode.swift; path = HistoricalDataViewController.swift; sourceTree = "<group>"; };
		35D1782C2922BC7F008D26BE /* HistoricalDataViewModel.swift */ = {isa = PBXFileReference; lastKnownFileType = sourcecode.swift; path = HistoricalDataViewModel.swift; sourceTree = "<group>"; };
		35D178342922FDD8008D26BE /* CurrencyAppTests.xctest */ = {isa = PBXFileReference; explicitFileType = wrapper.cfbundle; includeInIndex = 0; path = CurrencyAppTests.xctest; sourceTree = BUILT_PRODUCTS_DIR; };
		35D1783D292301B5008D26BE /* ConvertCurrencyTests.swift */ = {isa = PBXFileReference; lastKnownFileType = sourcecode.swift; path = ConvertCurrencyTests.swift; sourceTree = "<group>"; };
		35E10402292109AB005335FF /* CurrencyApp.app */ = {isa = PBXFileReference; explicitFileType = wrapper.application; includeInIndex = 0; path = CurrencyApp.app; sourceTree = BUILT_PRODUCTS_DIR; };
		35E10405292109AB005335FF /* AppDelegate.swift */ = {isa = PBXFileReference; lastKnownFileType = sourcecode.swift; path = AppDelegate.swift; sourceTree = "<group>"; };
		35E10407292109AB005335FF /* SceneDelegate.swift */ = {isa = PBXFileReference; lastKnownFileType = sourcecode.swift; path = SceneDelegate.swift; sourceTree = "<group>"; };
		35E1040E292109AE005335FF /* Assets.xcassets */ = {isa = PBXFileReference; lastKnownFileType = folder.assetcatalog; path = Assets.xcassets; sourceTree = "<group>"; };
		35E10411292109AE005335FF /* Base */ = {isa = PBXFileReference; lastKnownFileType = file.storyboard; name = Base; path = Base.lproj/LaunchScreen.storyboard; sourceTree = "<group>"; };
		35E10413292109AE005335FF /* Info.plist */ = {isa = PBXFileReference; lastKnownFileType = text.plist.xml; path = Info.plist; sourceTree = "<group>"; };
		35F6DA59292529DE006F9419 /* TestingConvertCurrencyUITextFieldPropertiesTests.swift */ = {isa = PBXFileReference; lastKnownFileType = sourcecode.swift; path = TestingConvertCurrencyUITextFieldPropertiesTests.swift; sourceTree = "<group>"; };
		35F6DA5B29253518006F9419 /* TestingConvertCurrencyUIButtonsTests.swift */ = {isa = PBXFileReference; lastKnownFileType = sourcecode.swift; path = TestingConvertCurrencyUIButtonsTests.swift; sourceTree = "<group>"; };
		35F6DA5D29255CFC006F9419 /* HistoricalRatesModel.swift */ = {isa = PBXFileReference; lastKnownFileType = sourcecode.swift; path = HistoricalRatesModel.swift; sourceTree = "<group>"; };
		35F6DA6129256189006F9419 /* historical_data.json */ = {isa = PBXFileReference; lastKnownFileType = text.json; path = historical_data.json; sourceTree = "<group>"; };
		35F6DA6329256E62006F9419 /* HistoricalDataTableViewCell.swift */ = {isa = PBXFileReference; lastKnownFileType = sourcecode.swift; path = HistoricalDataTableViewCell.swift; sourceTree = "<group>"; };
		35F6DA6429256E62006F9419 /* HistoricalDataTableViewCell.xib */ = {isa = PBXFileReference; lastKnownFileType = file.xib; path = HistoricalDataTableViewCell.xib; sourceTree = "<group>"; };
		3A69FA6B12B818B3CD46A6B5 /* Pods-CurrencyAppTests.release.xcconfig */ = {isa = PBXFileReference; includeInIndex = 1; lastKnownFileType = text.xcconfig; name = "Pods-CurrencyAppTests.release.xcconfig"; path = "Target Support Files/Pods-CurrencyAppTests/Pods-CurrencyAppTests.release.xcconfig"; sourceTree = "<group>"; };
		468AB9F31FB46A6332DE1971 /* Pods-CurrencyAppTests.debug.xcconfig */ = {isa = PBXFileReference; includeInIndex = 1; lastKnownFileType = text.xcconfig; name = "Pods-CurrencyAppTests.debug.xcconfig"; path = "Target Support Files/Pods-CurrencyAppTests/Pods-CurrencyAppTests.debug.xcconfig"; sourceTree = "<group>"; };
		81A7A53DF606B95445133552 /* Pods-CurrencyApp.release.xcconfig */ = {isa = PBXFileReference; includeInIndex = 1; lastKnownFileType = text.xcconfig; name = "Pods-CurrencyApp.release.xcconfig"; path = "Target Support Files/Pods-CurrencyApp/Pods-CurrencyApp.release.xcconfig"; sourceTree = "<group>"; };
		9D2BECCE0301A79BF0E21639 /* Pods_CurrencyApp.framework */ = {isa = PBXFileReference; explicitFileType = wrapper.framework; includeInIndex = 0; path = Pods_CurrencyApp.framework; sourceTree = BUILT_PRODUCTS_DIR; };
		D6422FAF86E6C2E831B0ABBB /* Pods_CurrencyAppTests.framework */ = {isa = PBXFileReference; explicitFileType = wrapper.framework; includeInIndex = 0; path = Pods_CurrencyAppTests.framework; sourceTree = BUILT_PRODUCTS_DIR; };
		FA0D36F21C1A059DBC82D55D /* Pods-CurrencyApp.debug.xcconfig */ = {isa = PBXFileReference; includeInIndex = 1; lastKnownFileType = text.xcconfig; name = "Pods-CurrencyApp.debug.xcconfig"; path = "Target Support Files/Pods-CurrencyApp/Pods-CurrencyApp.debug.xcconfig"; sourceTree = "<group>"; };
/* End PBXFileReference section */

/* Begin PBXFrameworksBuildPhase section */
		35D178312922FDD8008D26BE /* Frameworks */ = {
			isa = PBXFrameworksBuildPhase;
			buildActionMask = 2147483647;
			files = (
				59854B111D59096C7AC9626C /* Pods_CurrencyAppTests.framework in Frameworks */,
			);
			runOnlyForDeploymentPostprocessing = 0;
		};
		35E103FF292109AB005335FF /* Frameworks */ = {
			isa = PBXFrameworksBuildPhase;
			buildActionMask = 2147483647;
			files = (
				B2F90C0B697C28458A798F2D /* Pods_CurrencyApp.framework in Frameworks */,
			);
			runOnlyForDeploymentPostprocessing = 0;
		};
/* End PBXFrameworksBuildPhase section */

/* Begin PBXGroup section */
		022F62A9AECD66FDA10F7EC9 /* Pods */ = {
			isa = PBXGroup;
			children = (
				FA0D36F21C1A059DBC82D55D /* Pods-CurrencyApp.debug.xcconfig */,
				81A7A53DF606B95445133552 /* Pods-CurrencyApp.release.xcconfig */,
				468AB9F31FB46A6332DE1971 /* Pods-CurrencyAppTests.debug.xcconfig */,
				3A69FA6B12B818B3CD46A6B5 /* Pods-CurrencyAppTests.release.xcconfig */,
			);
			path = Pods;
			sourceTree = "<group>";
		};
		3523A6942923EE5D00CE7359 /* Resources */ = {
			isa = PBXGroup;
			children = (
				3523A6952923EF1200CE7359 /* currencies_list.json */,
				35F6DA6129256189006F9419 /* historical_data.json */,
				35A1543C29266AE20032D308 /* Historical_ConversionsRates.json */,
			);
			path = Resources;
			sourceTree = "<group>";
		};
		355FEF3A29216DB9000E0E20 /* Helpers */ = {
			isa = PBXGroup;
			children = (
				355FEF4229217A84000E0E20 /* Extensions */,
				355FEF3B29216DD6000E0E20 /* Network */,
			);
			path = Helpers;
			sourceTree = "<group>";
		};
		355FEF3B29216DD6000E0E20 /* Network */ = {
			isa = PBXGroup;
			children = (
				355FEF3C29216DEF000E0E20 /* APIService.swift */,
				355FEF3E29216E87000E0E20 /* NConstants.swift */,
			);
			path = Network;
			sourceTree = "<group>";
		};
		355FEF4229217A84000E0E20 /* Extensions */ = {
			isa = PBXGroup;
			children = (
				355FEF4329217AA7000E0E20 /* UIViewController + Extension.swift */,
				35D17822292258F4008D26BE /* AlertViewController.swift */,
			);
			path = Extensions;
			sourceTree = "<group>";
		};
		35A4DD042926E43C00C69432 /* ConversionsRates */ = {
			isa = PBXGroup;
			children = (
				35A4DD072926E47E00C69432 /* View */,
				35A4DD062926E47200C69432 /* ViewModel */,
				35A4DD052926E46900C69432 /* Model */,
			);
			path = ConversionsRates;
			sourceTree = "<group>";
		};
		35A4DD052926E46900C69432 /* Model */ = {
			isa = PBXGroup;
			children = (
			);
			path = Model;
			sourceTree = "<group>";
		};
		35A4DD062926E47200C69432 /* ViewModel */ = {
			isa = PBXGroup;
			children = (
			);
			path = ViewModel;
			sourceTree = "<group>";
		};
		35A4DD072926E47E00C69432 /* View */ = {
			isa = PBXGroup;
			children = (
			);
			path = View;
			sourceTree = "<group>";
		};
		35AFDF82292120F100D3395B /* Convert Currency */ = {
			isa = PBXGroup;
			children = (
				35AFDF852921213300D3395B /* View */,
				35AFDF842921212900D3395B /* ViewModel */,
				35AFDF832921211F00D3395B /* Model */,
			);
			path = "Convert Currency";
			sourceTree = "<group>";
		};
		35AFDF832921211F00D3395B /* Model */ = {
			isa = PBXGroup;
			children = (
				355FEF452921804A000E0E20 /* AvailableCurrenciesModel.swift */,
				35AFDF8B2921220400D3395B /* ConvertModel.swift */,
				355FEF4029217032000E0E20 /* BaseErrorModel.swift */,
			);
			path = Model;
			sourceTree = "<group>";
		};
		35AFDF842921212900D3395B /* ViewModel */ = {
			isa = PBXGroup;
			children = (
				35AFDF89292121EC00D3395B /* ConvertCurrencyViewModel.swift */,
			);
			path = ViewModel;
			sourceTree = "<group>";
		};
		35AFDF852921213300D3395B /* View */ = {
			isa = PBXGroup;
			children = (
				35AFDF862921215F00D3395B /* Controller + Storyboard */,
			);
			path = View;
			sourceTree = "<group>";
		};
		35AFDF862921215F00D3395B /* Controller + Storyboard */ = {
			isa = PBXGroup;
			children = (
				35AFDF87292121C800D3395B /* ConvertCurrencyViewController.swift */,
				35AFDF8D292122DE00D3395B /* ConvertCurrency.storyboard */,
			);
			path = "Controller + Storyboard";
			sourceTree = "<group>";
		};
		35D178242922BBAF008D26BE /* HistoricalData */ = {
			isa = PBXGroup;
			children = (
				35D178272922BBEF008D26BE /* View */,
				35D178262922BBE2008D26BE /* ViewModel */,
				35D178252922BBD7008D26BE /* Model */,
			);
			path = HistoricalData;
			sourceTree = "<group>";
		};
		35D178252922BBD7008D26BE /* Model */ = {
			isa = PBXGroup;
			children = (
				35A1543629263E700032D308 /* CurrencyModel.swift */,
				35A4DD022926D52400C69432 /* CurrencyRateModel.swift */,
				35F6DA5D29255CFC006F9419 /* HistoricalRatesModel.swift */,
				35A154382926679E0032D308 /* HistoricalConversionsRatesModel.swift */,
			);
			path = Model;
			sourceTree = "<group>";
		};
		35D178262922BBE2008D26BE /* ViewModel */ = {
			isa = PBXGroup;
			children = (
				35D1782C2922BC7F008D26BE /* HistoricalDataViewModel.swift */,
			);
			path = ViewModel;
			sourceTree = "<group>";
		};
		35D178272922BBEF008D26BE /* View */ = {
			isa = PBXGroup;
			children = (
				35D178282922BC02008D26BE /* Controller */,
				35D178292922BC11008D26BE /* Cell */,
			);
			path = View;
			sourceTree = "<group>";
		};
		35D178282922BC02008D26BE /* Controller */ = {
			isa = PBXGroup;
			children = (
				35D1782A2922BC3F008D26BE /* HistoricalDataViewController.swift */,
			);
			path = Controller;
			sourceTree = "<group>";
		};
		35D178292922BC11008D26BE /* Cell */ = {
			isa = PBXGroup;
			children = (
				35F6DA6329256E62006F9419 /* HistoricalDataTableViewCell.swift */,
				35F6DA6429256E62006F9419 /* HistoricalDataTableViewCell.xib */,
			);
			path = Cell;
			sourceTree = "<group>";
		};
		35D178352922FDD9008D26BE /* CurrencyAppTests */ = {
			isa = PBXGroup;
			children = (
				35D1783D292301B5008D26BE /* ConvertCurrencyTests.swift */,
				35AB09162924D8EF002E438E /* MockApiService.swift */,
				35AB091A2924DC75002E438E /* ConvertCurrencyViewModelTests.swift */,
				35F6DA59292529DE006F9419 /* TestingConvertCurrencyUITextFieldPropertiesTests.swift */,
				35F6DA5B29253518006F9419 /* TestingConvertCurrencyUIButtonsTests.swift */,
			);
			path = CurrencyAppTests;
			sourceTree = "<group>";
		};
		35E103F9292109AB005335FF = {
			isa = PBXGroup;
			children = (
				35E10404292109AB005335FF /* CurrencyApp */,
				35D178352922FDD9008D26BE /* CurrencyAppTests */,
				35E10403292109AB005335FF /* Products */,
				022F62A9AECD66FDA10F7EC9 /* Pods */,
				CE1D78FD0862E65AC213D60C /* Frameworks */,
			);
			sourceTree = "<group>";
		};
		35E10403292109AB005335FF /* Products */ = {
			isa = PBXGroup;
			children = (
				35E10402292109AB005335FF /* CurrencyApp.app */,
				35D178342922FDD8008D26BE /* CurrencyAppTests.xctest */,
			);
			name = Products;
			sourceTree = "<group>";
		};
		35E10404292109AB005335FF /* CurrencyApp */ = {
			isa = PBXGroup;
			children = (
				3523A6942923EE5D00CE7359 /* Resources */,
				355FEF3A29216DB9000E0E20 /* Helpers */,
				35AFDF82292120F100D3395B /* Convert Currency */,
				35D178242922BBAF008D26BE /* HistoricalData */,
				35A4DD042926E43C00C69432 /* ConversionsRates */,
				35E10405292109AB005335FF /* AppDelegate.swift */,
				35E10407292109AB005335FF /* SceneDelegate.swift */,
				35E1040E292109AE005335FF /* Assets.xcassets */,
				35E10410292109AE005335FF /* LaunchScreen.storyboard */,
				35E10413292109AE005335FF /* Info.plist */,
			);
			path = CurrencyApp;
			sourceTree = "<group>";
		};
		CE1D78FD0862E65AC213D60C /* Frameworks */ = {
			isa = PBXGroup;
			children = (
				9D2BECCE0301A79BF0E21639 /* Pods_CurrencyApp.framework */,
				D6422FAF86E6C2E831B0ABBB /* Pods_CurrencyAppTests.framework */,
			);
			name = Frameworks;
			sourceTree = "<group>";
		};
/* End PBXGroup section */

/* Begin PBXNativeTarget section */
		35D178332922FDD8008D26BE /* CurrencyAppTests */ = {
			isa = PBXNativeTarget;
			buildConfigurationList = 35D1783A2922FDD9008D26BE /* Build configuration list for PBXNativeTarget "CurrencyAppTests" */;
			buildPhases = (
				0393FD80FA3C1CB375066B88 /* [CP] Check Pods Manifest.lock */,
				35D178302922FDD8008D26BE /* Sources */,
				35D178312922FDD8008D26BE /* Frameworks */,
				35D178322922FDD8008D26BE /* Resources */,
				A788D206175C1ECAA922A4B7 /* [CP] Embed Pods Frameworks */,
			);
			buildRules = (
			);
			dependencies = (
				35D178392922FDD9008D26BE /* PBXTargetDependency */,
			);
			name = CurrencyAppTests;
			productName = CurrencyAppTests;
			productReference = 35D178342922FDD8008D26BE /* CurrencyAppTests.xctest */;
			productType = "com.apple.product-type.bundle.unit-test";
		};
		35E10401292109AB005335FF /* CurrencyApp */ = {
			isa = PBXNativeTarget;
			buildConfigurationList = 35E10416292109AE005335FF /* Build configuration list for PBXNativeTarget "CurrencyApp" */;
			buildPhases = (
				C696236B9F7C9F4DA34B3F06 /* [CP] Check Pods Manifest.lock */,
				35E103FE292109AB005335FF /* Sources */,
				35E103FF292109AB005335FF /* Frameworks */,
				35E10400292109AB005335FF /* Resources */,
				6FFC527C14179B8FE41E8BBA /* [CP] Embed Pods Frameworks */,
			);
			buildRules = (
			);
			dependencies = (
			);
			name = CurrencyApp;
			productName = CurrencyApp;
			productReference = 35E10402292109AB005335FF /* CurrencyApp.app */;
			productType = "com.apple.product-type.application";
		};
/* End PBXNativeTarget section */

/* Begin PBXProject section */
		35E103FA292109AB005335FF /* Project object */ = {
			isa = PBXProject;
			attributes = {
				BuildIndependentTargetsInParallel = 1;
				LastSwiftUpdateCheck = 1340;
				LastUpgradeCheck = 1340;
				TargetAttributes = {
					35D178332922FDD8008D26BE = {
						CreatedOnToolsVersion = 13.4.1;
						TestTargetID = 35E10401292109AB005335FF;
					};
					35E10401292109AB005335FF = {
						CreatedOnToolsVersion = 13.4.1;
					};
				};
			};
			buildConfigurationList = 35E103FD292109AB005335FF /* Build configuration list for PBXProject "CurrencyApp" */;
			compatibilityVersion = "Xcode 13.0";
			developmentRegion = en;
			hasScannedForEncodings = 0;
			knownRegions = (
				en,
				Base,
			);
			mainGroup = 35E103F9292109AB005335FF;
			productRefGroup = 35E10403292109AB005335FF /* Products */;
			projectDirPath = "";
			projectRoot = "";
			targets = (
				35E10401292109AB005335FF /* CurrencyApp */,
				35D178332922FDD8008D26BE /* CurrencyAppTests */,
			);
		};
/* End PBXProject section */

/* Begin PBXResourcesBuildPhase section */
		35D178322922FDD8008D26BE /* Resources */ = {
			isa = PBXResourcesBuildPhase;
			buildActionMask = 2147483647;
			files = (
			);
			runOnlyForDeploymentPostprocessing = 0;
		};
		35E10400292109AB005335FF /* Resources */ = {
			isa = PBXResourcesBuildPhase;
			buildActionMask = 2147483647;
			files = (
				35A154352926221A0032D308 /* historical_data.json in Resources */,
				35E562E329240B9300CA866A /* currencies_list.json in Resources */,
				35A1543D29266AE20032D308 /* Historical_ConversionsRates.json in Resources */,
				35E10412292109AE005335FF /* LaunchScreen.storyboard in Resources */,
				35AFDF8E292122DE00D3395B /* ConvertCurrency.storyboard in Resources */,
				35E1040F292109AE005335FF /* Assets.xcassets in Resources */,
				35F6DA6629256E62006F9419 /* HistoricalDataTableViewCell.xib in Resources */,
			);
			runOnlyForDeploymentPostprocessing = 0;
		};
/* End PBXResourcesBuildPhase section */

/* Begin PBXShellScriptBuildPhase section */
		0393FD80FA3C1CB375066B88 /* [CP] Check Pods Manifest.lock */ = {
			isa = PBXShellScriptBuildPhase;
			buildActionMask = 2147483647;
			files = (
			);
			inputFileListPaths = (
			);
			inputPaths = (
				"${PODS_PODFILE_DIR_PATH}/Podfile.lock",
				"${PODS_ROOT}/Manifest.lock",
			);
			name = "[CP] Check Pods Manifest.lock";
			outputFileListPaths = (
			);
			outputPaths = (
				"$(DERIVED_FILE_DIR)/Pods-CurrencyAppTests-checkManifestLockResult.txt",
			);
			runOnlyForDeploymentPostprocessing = 0;
			shellPath = /bin/sh;
			shellScript = "diff \"${PODS_PODFILE_DIR_PATH}/Podfile.lock\" \"${PODS_ROOT}/Manifest.lock\" > /dev/null\nif [ $? != 0 ] ; then\n    # print error to STDERR\n    echo \"error: The sandbox is not in sync with the Podfile.lock. Run 'pod install' or update your CocoaPods installation.\" >&2\n    exit 1\nfi\n# This output is used by Xcode 'outputs' to avoid re-running this script phase.\necho \"SUCCESS\" > \"${SCRIPT_OUTPUT_FILE_0}\"\n";
			showEnvVarsInLog = 0;
		};
		6FFC527C14179B8FE41E8BBA /* [CP] Embed Pods Frameworks */ = {
			isa = PBXShellScriptBuildPhase;
			buildActionMask = 2147483647;
			files = (
			);
			inputFileListPaths = (
				"${PODS_ROOT}/Target Support Files/Pods-CurrencyApp/Pods-CurrencyApp-frameworks-${CONFIGURATION}-input-files.xcfilelist",
			);
			name = "[CP] Embed Pods Frameworks";
			outputFileListPaths = (
				"${PODS_ROOT}/Target Support Files/Pods-CurrencyApp/Pods-CurrencyApp-frameworks-${CONFIGURATION}-output-files.xcfilelist",
			);
			runOnlyForDeploymentPostprocessing = 0;
			shellPath = /bin/sh;
			shellScript = "\"${PODS_ROOT}/Target Support Files/Pods-CurrencyApp/Pods-CurrencyApp-frameworks.sh\"\n";
			showEnvVarsInLog = 0;
		};
		A788D206175C1ECAA922A4B7 /* [CP] Embed Pods Frameworks */ = {
			isa = PBXShellScriptBuildPhase;
			buildActionMask = 2147483647;
			files = (
			);
			inputFileListPaths = (
				"${PODS_ROOT}/Target Support Files/Pods-CurrencyAppTests/Pods-CurrencyAppTests-frameworks-${CONFIGURATION}-input-files.xcfilelist",
			);
			name = "[CP] Embed Pods Frameworks";
			outputFileListPaths = (
				"${PODS_ROOT}/Target Support Files/Pods-CurrencyAppTests/Pods-CurrencyAppTests-frameworks-${CONFIGURATION}-output-files.xcfilelist",
			);
			runOnlyForDeploymentPostprocessing = 0;
			shellPath = /bin/sh;
			shellScript = "\"${PODS_ROOT}/Target Support Files/Pods-CurrencyAppTests/Pods-CurrencyAppTests-frameworks.sh\"\n";
			showEnvVarsInLog = 0;
		};
		C696236B9F7C9F4DA34B3F06 /* [CP] Check Pods Manifest.lock */ = {
			isa = PBXShellScriptBuildPhase;
			buildActionMask = 2147483647;
			files = (
			);
			inputFileListPaths = (
			);
			inputPaths = (
				"${PODS_PODFILE_DIR_PATH}/Podfile.lock",
				"${PODS_ROOT}/Manifest.lock",
			);
			name = "[CP] Check Pods Manifest.lock";
			outputFileListPaths = (
			);
			outputPaths = (
				"$(DERIVED_FILE_DIR)/Pods-CurrencyApp-checkManifestLockResult.txt",
			);
			runOnlyForDeploymentPostprocessing = 0;
			shellPath = /bin/sh;
			shellScript = "diff \"${PODS_PODFILE_DIR_PATH}/Podfile.lock\" \"${PODS_ROOT}/Manifest.lock\" > /dev/null\nif [ $? != 0 ] ; then\n    # print error to STDERR\n    echo \"error: The sandbox is not in sync with the Podfile.lock. Run 'pod install' or update your CocoaPods installation.\" >&2\n    exit 1\nfi\n# This output is used by Xcode 'outputs' to avoid re-running this script phase.\necho \"SUCCESS\" > \"${SCRIPT_OUTPUT_FILE_0}\"\n";
			showEnvVarsInLog = 0;
		};
/* End PBXShellScriptBuildPhase section */

/* Begin PBXSourcesBuildPhase section */
		35D178302922FDD8008D26BE /* Sources */ = {
			isa = PBXSourcesBuildPhase;
			buildActionMask = 2147483647;
			files = (
				35AB09172924D8EF002E438E /* MockApiService.swift in Sources */,
				35AB091B2924DC75002E438E /* ConvertCurrencyViewModelTests.swift in Sources */,
				35D1783E292301B5008D26BE /* ConvertCurrencyTests.swift in Sources */,
				35F6DA5A292529DE006F9419 /* TestingConvertCurrencyUITextFieldPropertiesTests.swift in Sources */,
				35F6DA5C29253518006F9419 /* TestingConvertCurrencyUIButtonsTests.swift in Sources */,
			);
			runOnlyForDeploymentPostprocessing = 0;
		};
		35E103FE292109AB005335FF /* Sources */ = {
			isa = PBXSourcesBuildPhase;
			buildActionMask = 2147483647;
			files = (
				35A154392926679E0032D308 /* HistoricalConversionsRatesModel.swift in Sources */,
				35AFDF8C2921220400D3395B /* ConvertModel.swift in Sources */,
				355FEF3D29216DEF000E0E20 /* APIService.swift in Sources */,
				355FEF462921804A000E0E20 /* AvailableCurrenciesModel.swift in Sources */,
				35D17823292258F4008D26BE /* AlertViewController.swift in Sources */,
				355FEF4129217032000E0E20 /* BaseErrorModel.swift in Sources */,
				35F6DA5E29255CFC006F9419 /* HistoricalRatesModel.swift in Sources */,
				35E10406292109AB005335FF /* AppDelegate.swift in Sources */,
				35F6DA6529256E62006F9419 /* HistoricalDataTableViewCell.swift in Sources */,
				35E10408292109AB005335FF /* SceneDelegate.swift in Sources */,
				355FEF4429217AA7000E0E20 /* UIViewController + Extension.swift in Sources */,
				35A1543729263E700032D308 /* CurrencyModel.swift in Sources */,
				35AFDF88292121C800D3395B /* ConvertCurrencyViewController.swift in Sources */,
				355FEF3F29216E87000E0E20 /* NConstants.swift in Sources */,
				35A4DD032926D52400C69432 /* CurrencyRateModel.swift in Sources */,
				35D1782D2922BC7F008D26BE /* HistoricalDataViewModel.swift in Sources */,
				35D1782B2922BC3F008D26BE /* HistoricalDataViewController.swift in Sources */,
				35AFDF8A292121EC00D3395B /* ConvertCurrencyViewModel.swift in Sources */,
			);
			runOnlyForDeploymentPostprocessing = 0;
		};
/* End PBXSourcesBuildPhase section */

/* Begin PBXTargetDependency section */
		35D178392922FDD9008D26BE /* PBXTargetDependency */ = {
			isa = PBXTargetDependency;
			target = 35E10401292109AB005335FF /* CurrencyApp */;
			targetProxy = 35D178382922FDD9008D26BE /* PBXContainerItemProxy */;
		};
/* End PBXTargetDependency section */

/* Begin PBXVariantGroup section */
		35E10410292109AE005335FF /* LaunchScreen.storyboard */ = {
			isa = PBXVariantGroup;
			children = (
				35E10411292109AE005335FF /* Base */,
			);
			name = LaunchScreen.storyboard;
			sourceTree = "<group>";
		};
/* End PBXVariantGroup section */

/* Begin XCBuildConfiguration section */
		35D1783B2922FDD9008D26BE /* Debug */ = {
			isa = XCBuildConfiguration;
			baseConfigurationReference = 468AB9F31FB46A6332DE1971 /* Pods-CurrencyAppTests.debug.xcconfig */;
			buildSettings = {
				BUNDLE_LOADER = "$(TEST_HOST)";
				CODE_SIGN_STYLE = Automatic;
				CURRENT_PROJECT_VERSION = 1;
				DEVELOPMENT_TEAM = 6X43DQFLA2;
				GENERATE_INFOPLIST_FILE = YES;
				MARKETING_VERSION = 1.0;
				PRODUCT_BUNDLE_IDENTIFIER = com.salwahegazy.CurrencyAppTests;
				PRODUCT_NAME = "$(TARGET_NAME)";
				SWIFT_EMIT_LOC_STRINGS = NO;
				SWIFT_VERSION = 5.0;
				TARGETED_DEVICE_FAMILY = "1,2";
				TEST_HOST = "$(BUILT_PRODUCTS_DIR)/CurrencyApp.app/CurrencyApp";
			};
			name = Debug;
		};
		35D1783C2922FDD9008D26BE /* Release */ = {
			isa = XCBuildConfiguration;
			baseConfigurationReference = 3A69FA6B12B818B3CD46A6B5 /* Pods-CurrencyAppTests.release.xcconfig */;
			buildSettings = {
				BUNDLE_LOADER = "$(TEST_HOST)";
				CODE_SIGN_STYLE = Automatic;
				CURRENT_PROJECT_VERSION = 1;
				DEVELOPMENT_TEAM = 6X43DQFLA2;
				GENERATE_INFOPLIST_FILE = YES;
				MARKETING_VERSION = 1.0;
				PRODUCT_BUNDLE_IDENTIFIER = com.salwahegazy.CurrencyAppTests;
				PRODUCT_NAME = "$(TARGET_NAME)";
				SWIFT_EMIT_LOC_STRINGS = NO;
				SWIFT_VERSION = 5.0;
				TARGETED_DEVICE_FAMILY = "1,2";
				TEST_HOST = "$(BUILT_PRODUCTS_DIR)/CurrencyApp.app/CurrencyApp";
			};
			name = Release;
		};
		35E10414292109AE005335FF /* Debug */ = {
			isa = XCBuildConfiguration;
			buildSettings = {
				ALWAYS_SEARCH_USER_PATHS = NO;
				CLANG_ANALYZER_NONNULL = YES;
				CLANG_ANALYZER_NUMBER_OBJECT_CONVERSION = YES_AGGRESSIVE;
				CLANG_CXX_LANGUAGE_STANDARD = "gnu++17";
				CLANG_ENABLE_MODULES = YES;
				CLANG_ENABLE_OBJC_ARC = YES;
				CLANG_ENABLE_OBJC_WEAK = YES;
				CLANG_WARN_BLOCK_CAPTURE_AUTORELEASING = YES;
				CLANG_WARN_BOOL_CONVERSION = YES;
				CLANG_WARN_COMMA = YES;
				CLANG_WARN_CONSTANT_CONVERSION = YES;
				CLANG_WARN_DEPRECATED_OBJC_IMPLEMENTATIONS = YES;
				CLANG_WARN_DIRECT_OBJC_ISA_USAGE = YES_ERROR;
				CLANG_WARN_DOCUMENTATION_COMMENTS = YES;
				CLANG_WARN_EMPTY_BODY = YES;
				CLANG_WARN_ENUM_CONVERSION = YES;
				CLANG_WARN_INFINITE_RECURSION = YES;
				CLANG_WARN_INT_CONVERSION = YES;
				CLANG_WARN_NON_LITERAL_NULL_CONVERSION = YES;
				CLANG_WARN_OBJC_IMPLICIT_RETAIN_SELF = YES;
				CLANG_WARN_OBJC_LITERAL_CONVERSION = YES;
				CLANG_WARN_OBJC_ROOT_CLASS = YES_ERROR;
				CLANG_WARN_QUOTED_INCLUDE_IN_FRAMEWORK_HEADER = YES;
				CLANG_WARN_RANGE_LOOP_ANALYSIS = YES;
				CLANG_WARN_STRICT_PROTOTYPES = YES;
				CLANG_WARN_SUSPICIOUS_MOVE = YES;
				CLANG_WARN_UNGUARDED_AVAILABILITY = YES_AGGRESSIVE;
				CLANG_WARN_UNREACHABLE_CODE = YES;
				CLANG_WARN__DUPLICATE_METHOD_MATCH = YES;
				COPY_PHASE_STRIP = NO;
				DEBUG_INFORMATION_FORMAT = dwarf;
				ENABLE_STRICT_OBJC_MSGSEND = YES;
				ENABLE_TESTABILITY = YES;
				GCC_C_LANGUAGE_STANDARD = gnu11;
				GCC_DYNAMIC_NO_PIC = NO;
				GCC_NO_COMMON_BLOCKS = YES;
				GCC_OPTIMIZATION_LEVEL = 0;
				GCC_PREPROCESSOR_DEFINITIONS = (
					"DEBUG=1",
					"$(inherited)",
				);
				GCC_WARN_64_TO_32_BIT_CONVERSION = YES;
				GCC_WARN_ABOUT_RETURN_TYPE = YES_ERROR;
				GCC_WARN_UNDECLARED_SELECTOR = YES;
				GCC_WARN_UNINITIALIZED_AUTOS = YES_AGGRESSIVE;
				GCC_WARN_UNUSED_FUNCTION = YES;
				GCC_WARN_UNUSED_VARIABLE = YES;
				IPHONEOS_DEPLOYMENT_TARGET = 15.5;
				MTL_ENABLE_DEBUG_INFO = INCLUDE_SOURCE;
				MTL_FAST_MATH = YES;
				ONLY_ACTIVE_ARCH = YES;
				SDKROOT = iphoneos;
				SWIFT_ACTIVE_COMPILATION_CONDITIONS = DEBUG;
				SWIFT_OPTIMIZATION_LEVEL = "-Onone";
			};
			name = Debug;
		};
		35E10415292109AE005335FF /* Release */ = {
			isa = XCBuildConfiguration;
			buildSettings = {
				ALWAYS_SEARCH_USER_PATHS = NO;
				CLANG_ANALYZER_NONNULL = YES;
				CLANG_ANALYZER_NUMBER_OBJECT_CONVERSION = YES_AGGRESSIVE;
				CLANG_CXX_LANGUAGE_STANDARD = "gnu++17";
				CLANG_ENABLE_MODULES = YES;
				CLANG_ENABLE_OBJC_ARC = YES;
				CLANG_ENABLE_OBJC_WEAK = YES;
				CLANG_WARN_BLOCK_CAPTURE_AUTORELEASING = YES;
				CLANG_WARN_BOOL_CONVERSION = YES;
				CLANG_WARN_COMMA = YES;
				CLANG_WARN_CONSTANT_CONVERSION = YES;
				CLANG_WARN_DEPRECATED_OBJC_IMPLEMENTATIONS = YES;
				CLANG_WARN_DIRECT_OBJC_ISA_USAGE = YES_ERROR;
				CLANG_WARN_DOCUMENTATION_COMMENTS = YES;
				CLANG_WARN_EMPTY_BODY = YES;
				CLANG_WARN_ENUM_CONVERSION = YES;
				CLANG_WARN_INFINITE_RECURSION = YES;
				CLANG_WARN_INT_CONVERSION = YES;
				CLANG_WARN_NON_LITERAL_NULL_CONVERSION = YES;
				CLANG_WARN_OBJC_IMPLICIT_RETAIN_SELF = YES;
				CLANG_WARN_OBJC_LITERAL_CONVERSION = YES;
				CLANG_WARN_OBJC_ROOT_CLASS = YES_ERROR;
				CLANG_WARN_QUOTED_INCLUDE_IN_FRAMEWORK_HEADER = YES;
				CLANG_WARN_RANGE_LOOP_ANALYSIS = YES;
				CLANG_WARN_STRICT_PROTOTYPES = YES;
				CLANG_WARN_SUSPICIOUS_MOVE = YES;
				CLANG_WARN_UNGUARDED_AVAILABILITY = YES_AGGRESSIVE;
				CLANG_WARN_UNREACHABLE_CODE = YES;
				CLANG_WARN__DUPLICATE_METHOD_MATCH = YES;
				COPY_PHASE_STRIP = NO;
				DEBUG_INFORMATION_FORMAT = "dwarf-with-dsym";
				ENABLE_NS_ASSERTIONS = NO;
				ENABLE_STRICT_OBJC_MSGSEND = YES;
				GCC_C_LANGUAGE_STANDARD = gnu11;
				GCC_NO_COMMON_BLOCKS = YES;
				GCC_WARN_64_TO_32_BIT_CONVERSION = YES;
				GCC_WARN_ABOUT_RETURN_TYPE = YES_ERROR;
				GCC_WARN_UNDECLARED_SELECTOR = YES;
				GCC_WARN_UNINITIALIZED_AUTOS = YES_AGGRESSIVE;
				GCC_WARN_UNUSED_FUNCTION = YES;
				GCC_WARN_UNUSED_VARIABLE = YES;
				IPHONEOS_DEPLOYMENT_TARGET = 15.5;
				MTL_ENABLE_DEBUG_INFO = NO;
				MTL_FAST_MATH = YES;
				SDKROOT = iphoneos;
				SWIFT_COMPILATION_MODE = wholemodule;
				SWIFT_OPTIMIZATION_LEVEL = "-O";
				VALIDATE_PRODUCT = YES;
			};
			name = Release;
		};
		35E10417292109AE005335FF /* Debug */ = {
			isa = XCBuildConfiguration;
			baseConfigurationReference = FA0D36F21C1A059DBC82D55D /* Pods-CurrencyApp.debug.xcconfig */;
			buildSettings = {
				ASSETCATALOG_COMPILER_APPICON_NAME = AppIcon;
				ASSETCATALOG_COMPILER_GLOBAL_ACCENT_COLOR_NAME = AccentColor;
				CODE_SIGN_STYLE = Automatic;
				CURRENT_PROJECT_VERSION = 1;
				DEVELOPMENT_TEAM = 6X43DQFLA2;
				GENERATE_INFOPLIST_FILE = YES;
				INFOPLIST_FILE = CurrencyApp/Info.plist;
				INFOPLIST_KEY_UIApplicationSupportsIndirectInputEvents = YES;
				INFOPLIST_KEY_UILaunchStoryboardName = LaunchScreen;
				INFOPLIST_KEY_UIMainStoryboardFile = ConvertCurrency;
				INFOPLIST_KEY_UISupportedInterfaceOrientations_iPad = "UIInterfaceOrientationPortrait UIInterfaceOrientationPortraitUpsideDown UIInterfaceOrientationLandscapeLeft UIInterfaceOrientationLandscapeRight";
				INFOPLIST_KEY_UISupportedInterfaceOrientations_iPhone = "UIInterfaceOrientationPortrait UIInterfaceOrientationLandscapeLeft UIInterfaceOrientationLandscapeRight";
				IPHONEOS_DEPLOYMENT_TARGET = 15.5;
				LD_RUNPATH_SEARCH_PATHS = (
					"$(inherited)",
					"@executable_path/Frameworks",
				);
				MARKETING_VERSION = 1.0;
				PRODUCT_BUNDLE_IDENTIFIER = com.salwahegazy.CurrencyApp;
				PRODUCT_NAME = "$(TARGET_NAME)";
				SWIFT_EMIT_LOC_STRINGS = YES;
				SWIFT_VERSION = 5.0;
				TARGETED_DEVICE_FAMILY = 1;
			};
			name = Debug;
		};
		35E10418292109AE005335FF /* Release */ = {
			isa = XCBuildConfiguration;
			baseConfigurationReference = 81A7A53DF606B95445133552 /* Pods-CurrencyApp.release.xcconfig */;
			buildSettings = {
				ASSETCATALOG_COMPILER_APPICON_NAME = AppIcon;
				ASSETCATALOG_COMPILER_GLOBAL_ACCENT_COLOR_NAME = AccentColor;
				CODE_SIGN_STYLE = Automatic;
				CURRENT_PROJECT_VERSION = 1;
				DEVELOPMENT_TEAM = 6X43DQFLA2;
				GENERATE_INFOPLIST_FILE = YES;
				INFOPLIST_FILE = CurrencyApp/Info.plist;
				INFOPLIST_KEY_UIApplicationSupportsIndirectInputEvents = YES;
				INFOPLIST_KEY_UILaunchStoryboardName = LaunchScreen;
				INFOPLIST_KEY_UIMainStoryboardFile = ConvertCurrency;
				INFOPLIST_KEY_UISupportedInterfaceOrientations_iPad = "UIInterfaceOrientationPortrait UIInterfaceOrientationPortraitUpsideDown UIInterfaceOrientationLandscapeLeft UIInterfaceOrientationLandscapeRight";
				INFOPLIST_KEY_UISupportedInterfaceOrientations_iPhone = "UIInterfaceOrientationPortrait UIInterfaceOrientationLandscapeLeft UIInterfaceOrientationLandscapeRight";
				IPHONEOS_DEPLOYMENT_TARGET = 15.5;
				LD_RUNPATH_SEARCH_PATHS = (
					"$(inherited)",
					"@executable_path/Frameworks",
				);
				MARKETING_VERSION = 1.0;
				PRODUCT_BUNDLE_IDENTIFIER = com.salwahegazy.CurrencyApp;
				PRODUCT_NAME = "$(TARGET_NAME)";
				SWIFT_EMIT_LOC_STRINGS = YES;
				SWIFT_VERSION = 5.0;
				TARGETED_DEVICE_FAMILY = 1;
			};
			name = Release;
		};
/* End XCBuildConfiguration section */

/* Begin XCConfigurationList section */
		35D1783A2922FDD9008D26BE /* Build configuration list for PBXNativeTarget "CurrencyAppTests" */ = {
			isa = XCConfigurationList;
			buildConfigurations = (
				35D1783B2922FDD9008D26BE /* Debug */,
				35D1783C2922FDD9008D26BE /* Release */,
			);
			defaultConfigurationIsVisible = 0;
			defaultConfigurationName = Release;
		};
		35E103FD292109AB005335FF /* Build configuration list for PBXProject "CurrencyApp" */ = {
			isa = XCConfigurationList;
			buildConfigurations = (
				35E10414292109AE005335FF /* Debug */,
				35E10415292109AE005335FF /* Release */,
			);
			defaultConfigurationIsVisible = 0;
			defaultConfigurationName = Release;
		};
		35E10416292109AE005335FF /* Build configuration list for PBXNativeTarget "CurrencyApp" */ = {
			isa = XCConfigurationList;
			buildConfigurations = (
				35E10417292109AE005335FF /* Debug */,
				35E10418292109AE005335FF /* Release */,
			);
			defaultConfigurationIsVisible = 0;
			defaultConfigurationName = Release;
		};
/* End XCConfigurationList section */
	};
	rootObject = 35E103FA292109AB005335FF /* Project object */;
}
