// !$*UTF8*$!
{
	archiveVersion = 1;
	classes = {
	};
	objectVersion = 55;
	objects = {

/* Begin PBXBuildFile section */
		355FEF3D29216DEF000E0E20 /* APIService.swift in Sources */ = {isa = PBXBuildFile; fileRef = 355FEF3C29216DEF000E0E20 /* APIService.swift */; };
		355FEF3F29216E87000E0E20 /* NConstants.swift in Sources */ = {isa = PBXBuildFile; fileRef = 355FEF3E29216E87000E0E20 /* NConstants.swift */; };
		355FEF4129217032000E0E20 /* BaseErrorModel.swift in Sources */ = {isa = PBXBuildFile; fileRef = 355FEF4029217032000E0E20 /* BaseErrorModel.swift */; };
		355FEF4429217AA7000E0E20 /* UIViewController + Extension.swift in Sources */ = {isa = PBXBuildFile; fileRef = 355FEF4329217AA7000E0E20 /* UIViewController + Extension.swift */; };
		355FEF462921804A000E0E20 /* AvailableCurrenciesModel.swift in Sources */ = {isa = PBXBuildFile; fileRef = 355FEF452921804A000E0E20 /* AvailableCurrenciesModel.swift */; };
		35AFDF88292121C800D3395B /* ConvertCurrencyViewController.swift in Sources */ = {isa = PBXBuildFile; fileRef = 35AFDF87292121C800D3395B /* ConvertCurrencyViewController.swift */; };
		35AFDF8A292121EC00D3395B /* ConvertCurrencyViewModel.swift in Sources */ = {isa = PBXBuildFile; fileRef = 35AFDF89292121EC00D3395B /* ConvertCurrencyViewModel.swift */; };
		35AFDF8C2921220400D3395B /* ConvertModel.swift in Sources */ = {isa = PBXBuildFile; fileRef = 35AFDF8B2921220400D3395B /* ConvertModel.swift */; };
		35AFDF8E292122DE00D3395B /* ConvertCurrency.storyboard in Resources */ = {isa = PBXBuildFile; fileRef = 35AFDF8D292122DE00D3395B /* ConvertCurrency.storyboard */; };
		35D17823292258F4008D26BE /* AlertViewController.swift in Sources */ = {isa = PBXBuildFile; fileRef = 35D17822292258F4008D26BE /* AlertViewController.swift */; };
		35D1782B2922BC3F008D26BE /* DetailsViewController.swift in Sources */ = {isa = PBXBuildFile; fileRef = 35D1782A2922BC3F008D26BE /* DetailsViewController.swift */; };
		35D1782D2922BC7F008D26BE /* DetailsViewModel.swift in Sources */ = {isa = PBXBuildFile; fileRef = 35D1782C2922BC7F008D26BE /* DetailsViewModel.swift */; };
		35D1782F2922E370008D26BE /* Constants.swift in Sources */ = {isa = PBXBuildFile; fileRef = 35D1782E2922E370008D26BE /* Constants.swift */; };
		35E10406292109AB005335FF /* AppDelegate.swift in Sources */ = {isa = PBXBuildFile; fileRef = 35E10405292109AB005335FF /* AppDelegate.swift */; };
		35E10408292109AB005335FF /* SceneDelegate.swift in Sources */ = {isa = PBXBuildFile; fileRef = 35E10407292109AB005335FF /* SceneDelegate.swift */; };
		35E1040A292109AB005335FF /* ViewController.swift in Sources */ = {isa = PBXBuildFile; fileRef = 35E10409292109AB005335FF /* ViewController.swift */; };
		35E1040D292109AB005335FF /* Main.storyboard in Resources */ = {isa = PBXBuildFile; fileRef = 35E1040B292109AB005335FF /* Main.storyboard */; };
		35E1040F292109AE005335FF /* Assets.xcassets in Resources */ = {isa = PBXBuildFile; fileRef = 35E1040E292109AE005335FF /* Assets.xcassets */; };
		35E10412292109AE005335FF /* LaunchScreen.storyboard in Resources */ = {isa = PBXBuildFile; fileRef = 35E10410292109AE005335FF /* LaunchScreen.storyboard */; };
		B2F90C0B697C28458A798F2D /* Pods_CurrencyApp.framework in Frameworks */ = {isa = PBXBuildFile; fileRef = 9D2BECCE0301A79BF0E21639 /* Pods_CurrencyApp.framework */; };
/* End PBXBuildFile section */

/* Begin PBXFileReference section */
		355FEF3C29216DEF000E0E20 /* APIService.swift */ = {isa = PBXFileReference; lastKnownFileType = sourcecode.swift; path = APIService.swift; sourceTree = "<group>"; };
		355FEF3E29216E87000E0E20 /* NConstants.swift */ = {isa = PBXFileReference; lastKnownFileType = sourcecode.swift; path = NConstants.swift; sourceTree = "<group>"; };
		355FEF4029217032000E0E20 /* BaseErrorModel.swift */ = {isa = PBXFileReference; lastKnownFileType = sourcecode.swift; path = BaseErrorModel.swift; sourceTree = "<group>"; };
		355FEF4329217AA7000E0E20 /* UIViewController + Extension.swift */ = {isa = PBXFileReference; lastKnownFileType = sourcecode.swift; path = "UIViewController + Extension.swift"; sourceTree = "<group>"; };
		355FEF452921804A000E0E20 /* AvailableCurrenciesModel.swift */ = {isa = PBXFileReference; lastKnownFileType = sourcecode.swift; path = AvailableCurrenciesModel.swift; sourceTree = "<group>"; };
		35AFDF87292121C800D3395B /* ConvertCurrencyViewController.swift */ = {isa = PBXFileReference; lastKnownFileType = sourcecode.swift; path = ConvertCurrencyViewController.swift; sourceTree = "<group>"; };
		35AFDF89292121EC00D3395B /* ConvertCurrencyViewModel.swift */ = {isa = PBXFileReference; lastKnownFileType = sourcecode.swift; path = ConvertCurrencyViewModel.swift; sourceTree = "<group>"; };
		35AFDF8B2921220400D3395B /* ConvertModel.swift */ = {isa = PBXFileReference; lastKnownFileType = sourcecode.swift; path = ConvertModel.swift; sourceTree = "<group>"; };
		35AFDF8D292122DE00D3395B /* ConvertCurrency.storyboard */ = {isa = PBXFileReference; lastKnownFileType = file.storyboard; path = ConvertCurrency.storyboard; sourceTree = "<group>"; };
		35D17822292258F4008D26BE /* AlertViewController.swift */ = {isa = PBXFileReference; lastKnownFileType = sourcecode.swift; path = AlertViewController.swift; sourceTree = "<group>"; };
		35D1782A2922BC3F008D26BE /* DetailsViewController.swift */ = {isa = PBXFileReference; lastKnownFileType = sourcecode.swift; path = DetailsViewController.swift; sourceTree = "<group>"; };
		35D1782C2922BC7F008D26BE /* DetailsViewModel.swift */ = {isa = PBXFileReference; lastKnownFileType = sourcecode.swift; path = DetailsViewModel.swift; sourceTree = "<group>"; };
		35D1782E2922E370008D26BE /* Constants.swift */ = {isa = PBXFileReference; lastKnownFileType = sourcecode.swift; path = Constants.swift; sourceTree = "<group>"; };
		35E10402292109AB005335FF /* CurrencyApp.app */ = {isa = PBXFileReference; explicitFileType = wrapper.application; includeInIndex = 0; path = CurrencyApp.app; sourceTree = BUILT_PRODUCTS_DIR; };
		35E10405292109AB005335FF /* AppDelegate.swift */ = {isa = PBXFileReference; lastKnownFileType = sourcecode.swift; path = AppDelegate.swift; sourceTree = "<group>"; };
		35E10407292109AB005335FF /* SceneDelegate.swift */ = {isa = PBXFileReference; lastKnownFileType = sourcecode.swift; path = SceneDelegate.swift; sourceTree = "<group>"; };
		35E10409292109AB005335FF /* ViewController.swift */ = {isa = PBXFileReference; lastKnownFileType = sourcecode.swift; path = ViewController.swift; sourceTree = "<group>"; };
		35E1040C292109AB005335FF /* Base */ = {isa = PBXFileReference; lastKnownFileType = file.storyboard; name = Base; path = Base.lproj/Main.storyboard; sourceTree = "<group>"; };
		35E1040E292109AE005335FF /* Assets.xcassets */ = {isa = PBXFileReference; lastKnownFileType = folder.assetcatalog; path = Assets.xcassets; sourceTree = "<group>"; };
		35E10411292109AE005335FF /* Base */ = {isa = PBXFileReference; lastKnownFileType = file.storyboard; name = Base; path = Base.lproj/LaunchScreen.storyboard; sourceTree = "<group>"; };
		35E10413292109AE005335FF /* Info.plist */ = {isa = PBXFileReference; lastKnownFileType = text.plist.xml; path = Info.plist; sourceTree = "<group>"; };
		81A7A53DF606B95445133552 /* Pods-CurrencyApp.release.xcconfig */ = {isa = PBXFileReference; includeInIndex = 1; lastKnownFileType = text.xcconfig; name = "Pods-CurrencyApp.release.xcconfig"; path = "Target Support Files/Pods-CurrencyApp/Pods-CurrencyApp.release.xcconfig"; sourceTree = "<group>"; };
		9D2BECCE0301A79BF0E21639 /* Pods_CurrencyApp.framework */ = {isa = PBXFileReference; explicitFileType = wrapper.framework; includeInIndex = 0; path = Pods_CurrencyApp.framework; sourceTree = BUILT_PRODUCTS_DIR; };
		FA0D36F21C1A059DBC82D55D /* Pods-CurrencyApp.debug.xcconfig */ = {isa = PBXFileReference; includeInIndex = 1; lastKnownFileType = text.xcconfig; name = "Pods-CurrencyApp.debug.xcconfig"; path = "Target Support Files/Pods-CurrencyApp/Pods-CurrencyApp.debug.xcconfig"; sourceTree = "<group>"; };
/* End PBXFileReference section */

/* Begin PBXFrameworksBuildPhase section */
		35E103FF292109AB005335FF /* Frameworks */ = {
			isa = PBXFrameworksBuildPhase;
			buildActionMask = 2147483647;
			files = (
				B2F90C0B697C28458A798F2D /* Pods_CurrencyApp.framework in Frameworks */,
			);
			runOnlyForDeploymentPostprocessing = 0;
		};
/* End PBXFrameworksBuildPhase section */

/* Begin PBXGroup section */
		022F62A9AECD66FDA10F7EC9 /* Pods */ = {
			isa = PBXGroup;
			children = (
				FA0D36F21C1A059DBC82D55D /* Pods-CurrencyApp.debug.xcconfig */,
				81A7A53DF606B95445133552 /* Pods-CurrencyApp.release.xcconfig */,
			);
			path = Pods;
			sourceTree = "<group>";
		};
		355FEF3A29216DB9000E0E20 /* Helpers */ = {
			isa = PBXGroup;
			children = (
				35D1782E2922E370008D26BE /* Constants.swift */,
				355FEF4229217A84000E0E20 /* Extensions */,
				355FEF3B29216DD6000E0E20 /* Network */,
			);
			path = Helpers;
			sourceTree = "<group>";
		};
		355FEF3B29216DD6000E0E20 /* Network */ = {
			isa = PBXGroup;
			children = (
				355FEF3C29216DEF000E0E20 /* APIService.swift */,
				355FEF3E29216E87000E0E20 /* NConstants.swift */,
			);
			path = Network;
			sourceTree = "<group>";
		};
		355FEF4229217A84000E0E20 /* Extensions */ = {
			isa = PBXGroup;
			children = (
				355FEF4329217AA7000E0E20 /* UIViewController + Extension.swift */,
				35D17822292258F4008D26BE /* AlertViewController.swift */,
			);
			path = Extensions;
			sourceTree = "<group>";
		};
		35AFDF82292120F100D3395B /* Convert Currency */ = {
			isa = PBXGroup;
			children = (
				35AFDF852921213300D3395B /* View */,
				35AFDF842921212900D3395B /* ViewModel */,
				35AFDF832921211F00D3395B /* Model */,
			);
			path = "Convert Currency";
			sourceTree = "<group>";
		};
		35AFDF832921211F00D3395B /* Model */ = {
			isa = PBXGroup;
			children = (
				355FEF452921804A000E0E20 /* AvailableCurrenciesModel.swift */,
				35AFDF8B2921220400D3395B /* ConvertModel.swift */,
				355FEF4029217032000E0E20 /* BaseErrorModel.swift */,
			);
			path = Model;
			sourceTree = "<group>";
		};
		35AFDF842921212900D3395B /* ViewModel */ = {
			isa = PBXGroup;
			children = (
				35AFDF89292121EC00D3395B /* ConvertCurrencyViewModel.swift */,
			);
			path = ViewModel;
			sourceTree = "<group>";
		};
		35AFDF852921213300D3395B /* View */ = {
			isa = PBXGroup;
			children = (
				35AFDF862921215F00D3395B /* Controller + Storyboard */,
			);
			path = View;
			sourceTree = "<group>";
		};
		35AFDF862921215F00D3395B /* Controller + Storyboard */ = {
			isa = PBXGroup;
			children = (
				35AFDF87292121C800D3395B /* ConvertCurrencyViewController.swift */,
				35AFDF8D292122DE00D3395B /* ConvertCurrency.storyboard */,
			);
			path = "Controller + Storyboard";
			sourceTree = "<group>";
		};
		35D178242922BBAF008D26BE /* Details */ = {
			isa = PBXGroup;
			children = (
				35D178272922BBEF008D26BE /* View */,
				35D178262922BBE2008D26BE /* ViewModel */,
				35D178252922BBD7008D26BE /* Model */,
			);
			path = Details;
			sourceTree = "<group>";
		};
		35D178252922BBD7008D26BE /* Model */ = {
			isa = PBXGroup;
			children = (
			);
			path = Model;
			sourceTree = "<group>";
		};
		35D178262922BBE2008D26BE /* ViewModel */ = {
			isa = PBXGroup;
			children = (
				35D1782C2922BC7F008D26BE /* DetailsViewModel.swift */,
			);
			path = ViewModel;
			sourceTree = "<group>";
		};
		35D178272922BBEF008D26BE /* View */ = {
			isa = PBXGroup;
			children = (
				35D178282922BC02008D26BE /* Controller */,
				35D178292922BC11008D26BE /* Cell */,
			);
			path = View;
			sourceTree = "<group>";
		};
		35D178282922BC02008D26BE /* Controller */ = {
			isa = PBXGroup;
			children = (
				35D1782A2922BC3F008D26BE /* DetailsViewController.swift */,
			);
			path = Controller;
			sourceTree = "<group>";
		};
		35D178292922BC11008D26BE /* Cell */ = {
			isa = PBXGroup;
			children = (
			);
			path = Cell;
			sourceTree = "<group>";
		};
		35E103F9292109AB005335FF = {
			isa = PBXGroup;
			children = (
				35E10404292109AB005335FF /* CurrencyApp */,
				35E10403292109AB005335FF /* Products */,
				022F62A9AECD66FDA10F7EC9 /* Pods */,
				CE1D78FD0862E65AC213D60C /* Frameworks */,
			);
			sourceTree = "<group>";
		};
		35E10403292109AB005335FF /* Products */ = {
			isa = PBXGroup;
			children = (
				35E10402292109AB005335FF /* CurrencyApp.app */,
			);
			name = Products;
			sourceTree = "<group>";
		};
		35E10404292109AB005335FF /* CurrencyApp */ = {
			isa = PBXGroup;
			children = (
				355FEF3A29216DB9000E0E20 /* Helpers */,
				35AFDF82292120F100D3395B /* Convert Currency */,
				35D178242922BBAF008D26BE /* Details */,
				35E10405292109AB005335FF /* AppDelegate.swift */,
				35E10407292109AB005335FF /* SceneDelegate.swift */,
				35E10409292109AB005335FF /* ViewController.swift */,
				35E1040B292109AB005335FF /* Main.storyboard */,
				35E1040E292109AE005335FF /* Assets.xcassets */,
				35E10410292109AE005335FF /* LaunchScreen.storyboard */,
				35E10413292109AE005335FF /* Info.plist */,
			);
			path = CurrencyApp;
			sourceTree = "<group>";
		};
		CE1D78FD0862E65AC213D60C /* Frameworks */ = {
			isa = PBXGroup;
			children = (
				9D2BECCE0301A79BF0E21639 /* Pods_CurrencyApp.framework */,
			);
			name = Frameworks;
			sourceTree = "<group>";
		};
/* End PBXGroup section */

/* Begin PBXNativeTarget section */
		35E10401292109AB005335FF /* CurrencyApp */ = {
			isa = PBXNativeTarget;
			buildConfigurationList = 35E10416292109AE005335FF /* Build configuration list for PBXNativeTarget "CurrencyApp" */;
			buildPhases = (
				C696236B9F7C9F4DA34B3F06 /* [CP] Check Pods Manifest.lock */,
				35E103FE292109AB005335FF /* Sources */,
				35E103FF292109AB005335FF /* Frameworks */,
				35E10400292109AB005335FF /* Resources */,
				6FFC527C14179B8FE41E8BBA /* [CP] Embed Pods Frameworks */,
			);
			buildRules = (
			);
			dependencies = (
			);
			name = CurrencyApp;
			productName = CurrencyApp;
			productReference = 35E10402292109AB005335FF /* CurrencyApp.app */;
			productType = "com.apple.product-type.application";
		};
/* End PBXNativeTarget section */

/* Begin PBXProject section */
		35E103FA292109AB005335FF /* Project object */ = {
			isa = PBXProject;
			attributes = {
				BuildIndependentTargetsInParallel = 1;
				LastSwiftUpdateCheck = 1340;
				LastUpgradeCheck = 1340;
				TargetAttributes = {
					35E10401292109AB005335FF = {
						CreatedOnToolsVersion = 13.4.1;
					};
				};
			};
			buildConfigurationList = 35E103FD292109AB005335FF /* Build configuration list for PBXProject "CurrencyApp" */;
			compatibilityVersion = "Xcode 13.0";
			developmentRegion = en;
			hasScannedForEncodings = 0;
			knownRegions = (
				en,
				Base,
			);
			mainGroup = 35E103F9292109AB005335FF;
			productRefGroup = 35E10403292109AB005335FF /* Products */;
			projectDirPath = "";
			projectRoot = "";
			targets = (
				35E10401292109AB005335FF /* CurrencyApp */,
			);
		};
/* End PBXProject section */

/* Begin PBXResourcesBuildPhase section */
		35E10400292109AB005335FF /* Resources */ = {
			isa = PBXResourcesBuildPhase;
			buildActionMask = 2147483647;
			files = (
				35E10412292109AE005335FF /* LaunchScreen.storyboard in Resources */,
				35AFDF8E292122DE00D3395B /* ConvertCurrency.storyboard in Resources */,
				35E1040F292109AE005335FF /* Assets.xcassets in Resources */,
				35E1040D292109AB005335FF /* Main.storyboard in Resources */,
			);
			runOnlyForDeploymentPostprocessing = 0;
		};
/* End PBXResourcesBuildPhase section */

/* Begin PBXShellScriptBuildPhase section */
		6FFC527C14179B8FE41E8BBA /* [CP] Embed Pods Frameworks */ = {
			isa = PBXShellScriptBuildPhase;
			buildActionMask = 2147483647;
			files = (
			);
			inputFileListPaths = (
				"${PODS_ROOT}/Target Support Files/Pods-CurrencyApp/Pods-CurrencyApp-frameworks-${CONFIGURATION}-input-files.xcfilelist",
			);
			name = "[CP] Embed Pods Frameworks";
			outputFileListPaths = (
				"${PODS_ROOT}/Target Support Files/Pods-CurrencyApp/Pods-CurrencyApp-frameworks-${CONFIGURATION}-output-files.xcfilelist",
			);
			runOnlyForDeploymentPostprocessing = 0;
			shellPath = /bin/sh;
			shellScript = "\"${PODS_ROOT}/Target Support Files/Pods-CurrencyApp/Pods-CurrencyApp-frameworks.sh\"\n";
			showEnvVarsInLog = 0;
		};
		C696236B9F7C9F4DA34B3F06 /* [CP] Check Pods Manifest.lock */ = {
			isa = PBXShellScriptBuildPhase;
			buildActionMask = 2147483647;
			files = (
			);
			inputFileListPaths = (
			);
			inputPaths = (
				"${PODS_PODFILE_DIR_PATH}/Podfile.lock",
				"${PODS_ROOT}/Manifest.lock",
			);
			name = "[CP] Check Pods Manifest.lock";
			outputFileListPaths = (
			);
			outputPaths = (
				"$(DERIVED_FILE_DIR)/Pods-CurrencyApp-checkManifestLockResult.txt",
			);
			runOnlyForDeploymentPostprocessing = 0;
			shellPath = /bin/sh;
			shellScript = "diff \"${PODS_PODFILE_DIR_PATH}/Podfile.lock\" \"${PODS_ROOT}/Manifest.lock\" > /dev/null\nif [ $? != 0 ] ; then\n    # print error to STDERR\n    echo \"error: The sandbox is not in sync with the Podfile.lock. Run 'pod install' or update your CocoaPods installation.\" >&2\n    exit 1\nfi\n# This output is used by Xcode 'outputs' to avoid re-running this script phase.\necho \"SUCCESS\" > \"${SCRIPT_OUTPUT_FILE_0}\"\n";
			showEnvVarsInLog = 0;
		};
/* End PBXShellScriptBuildPhase section */

/* Begin PBXSourcesBuildPhase section */
		35E103FE292109AB005335FF /* Sources */ = {
			isa = PBXSourcesBuildPhase;
			buildActionMask = 2147483647;
			files = (
				35AFDF8C2921220400D3395B /* ConvertModel.swift in Sources */,
				355FEF3D29216DEF000E0E20 /* APIService.swift in Sources */,
				355FEF462921804A000E0E20 /* AvailableCurrenciesModel.swift in Sources */,
				35D17823292258F4008D26BE /* AlertViewController.swift in Sources */,
				355FEF4129217032000E0E20 /* BaseErrorModel.swift in Sources */,
				35D1782F2922E370008D26BE /* Constants.swift in Sources */,
				35E1040A292109AB005335FF /* ViewController.swift in Sources */,
				35E10406292109AB005335FF /* AppDelegate.swift in Sources */,
				35E10408292109AB005335FF /* SceneDelegate.swift in Sources */,
				355FEF4429217AA7000E0E20 /* UIViewController + Extension.swift in Sources */,
				35AFDF88292121C800D3395B /* ConvertCurrencyViewController.swift in Sources */,
				355FEF3F29216E87000E0E20 /* NConstants.swift in Sources */,
				35D1782D2922BC7F008D26BE /* DetailsViewModel.swift in Sources */,
				35D1782B2922BC3F008D26BE /* DetailsViewController.swift in Sources */,
				35AFDF8A292121EC00D3395B /* ConvertCurrencyViewModel.swift in Sources */,
			);
			runOnlyForDeploymentPostprocessing = 0;
		};
/* End PBXSourcesBuildPhase section */

/* Begin PBXVariantGroup section */
		35E1040B292109AB005335FF /* Main.storyboard */ = {
			isa = PBXVariantGroup;
			children = (
				35E1040C292109AB005335FF /* Base */,
			);
			name = Main.storyboard;
			sourceTree = "<group>";
		};
		35E10410292109AE005335FF /* LaunchScreen.storyboard */ = {
			isa = PBXVariantGroup;
			children = (
				35E10411292109AE005335FF /* Base */,
			);
			name = LaunchScreen.storyboard;
			sourceTree = "<group>";
		};
/* End PBXVariantGroup section */

/* Begin XCBuildConfiguration section */
		35E10414292109AE005335FF /* Debug */ = {
			isa = XCBuildConfiguration;
			buildSettings = {
				ALWAYS_SEARCH_USER_PATHS = NO;
				CLANG_ANALYZER_NONNULL = YES;
				CLANG_ANALYZER_NUMBER_OBJECT_CONVERSION = YES_AGGRESSIVE;
				CLANG_CXX_LANGUAGE_STANDARD = "gnu++17";
				CLANG_ENABLE_MODULES = YES;
				CLANG_ENABLE_OBJC_ARC = YES;
				CLANG_ENABLE_OBJC_WEAK = YES;
				CLANG_WARN_BLOCK_CAPTURE_AUTORELEASING = YES;
				CLANG_WARN_BOOL_CONVERSION = YES;
				CLANG_WARN_COMMA = YES;
				CLANG_WARN_CONSTANT_CONVERSION = YES;
				CLANG_WARN_DEPRECATED_OBJC_IMPLEMENTATIONS = YES;
				CLANG_WARN_DIRECT_OBJC_ISA_USAGE = YES_ERROR;
				CLANG_WARN_DOCUMENTATION_COMMENTS = YES;
				CLANG_WARN_EMPTY_BODY = YES;
				CLANG_WARN_ENUM_CONVERSION = YES;
				CLANG_WARN_INFINITE_RECURSION = YES;
				CLANG_WARN_INT_CONVERSION = YES;
				CLANG_WARN_NON_LITERAL_NULL_CONVERSION = YES;
				CLANG_WARN_OBJC_IMPLICIT_RETAIN_SELF = YES;
				CLANG_WARN_OBJC_LITERAL_CONVERSION = YES;
				CLANG_WARN_OBJC_ROOT_CLASS = YES_ERROR;
				CLANG_WARN_QUOTED_INCLUDE_IN_FRAMEWORK_HEADER = YES;
				CLANG_WARN_RANGE_LOOP_ANALYSIS = YES;
				CLANG_WARN_STRICT_PROTOTYPES = YES;
				CLANG_WARN_SUSPICIOUS_MOVE = YES;
				CLANG_WARN_UNGUARDED_AVAILABILITY = YES_AGGRESSIVE;
				CLANG_WARN_UNREACHABLE_CODE = YES;
				CLANG_WARN__DUPLICATE_METHOD_MATCH = YES;
				COPY_PHASE_STRIP = NO;
				DEBUG_INFORMATION_FORMAT = dwarf;
				ENABLE_STRICT_OBJC_MSGSEND = YES;
				ENABLE_TESTABILITY = YES;
				GCC_C_LANGUAGE_STANDARD = gnu11;
				GCC_DYNAMIC_NO_PIC = NO;
				GCC_NO_COMMON_BLOCKS = YES;
				GCC_OPTIMIZATION_LEVEL = 0;
				GCC_PREPROCESSOR_DEFINITIONS = (
					"DEBUG=1",
					"$(inherited)",
				);
				GCC_WARN_64_TO_32_BIT_CONVERSION = YES;
				GCC_WARN_ABOUT_RETURN_TYPE = YES_ERROR;
				GCC_WARN_UNDECLARED_SELECTOR = YES;
				GCC_WARN_UNINITIALIZED_AUTOS = YES_AGGRESSIVE;
				GCC_WARN_UNUSED_FUNCTION = YES;
				GCC_WARN_UNUSED_VARIABLE = YES;
				IPHONEOS_DEPLOYMENT_TARGET = 15.5;
				MTL_ENABLE_DEBUG_INFO = INCLUDE_SOURCE;
				MTL_FAST_MATH = YES;
				ONLY_ACTIVE_ARCH = YES;
				SDKROOT = iphoneos;
				SWIFT_ACTIVE_COMPILATION_CONDITIONS = DEBUG;
				SWIFT_OPTIMIZATION_LEVEL = "-Onone";
			};
			name = Debug;
		};
		35E10415292109AE005335FF /* Release */ = {
			isa = XCBuildConfiguration;
			buildSettings = {
				ALWAYS_SEARCH_USER_PATHS = NO;
				CLANG_ANALYZER_NONNULL = YES;
				CLANG_ANALYZER_NUMBER_OBJECT_CONVERSION = YES_AGGRESSIVE;
				CLANG_CXX_LANGUAGE_STANDARD = "gnu++17";
				CLANG_ENABLE_MODULES = YES;
				CLANG_ENABLE_OBJC_ARC = YES;
				CLANG_ENABLE_OBJC_WEAK = YES;
				CLANG_WARN_BLOCK_CAPTURE_AUTORELEASING = YES;
				CLANG_WARN_BOOL_CONVERSION = YES;
				CLANG_WARN_COMMA = YES;
				CLANG_WARN_CONSTANT_CONVERSION = YES;
				CLANG_WARN_DEPRECATED_OBJC_IMPLEMENTATIONS = YES;
				CLANG_WARN_DIRECT_OBJC_ISA_USAGE = YES_ERROR;
				CLANG_WARN_DOCUMENTATION_COMMENTS = YES;
				CLANG_WARN_EMPTY_BODY = YES;
				CLANG_WARN_ENUM_CONVERSION = YES;
				CLANG_WARN_INFINITE_RECURSION = YES;
				CLANG_WARN_INT_CONVERSION = YES;
				CLANG_WARN_NON_LITERAL_NULL_CONVERSION = YES;
				CLANG_WARN_OBJC_IMPLICIT_RETAIN_SELF = YES;
				CLANG_WARN_OBJC_LITERAL_CONVERSION = YES;
				CLANG_WARN_OBJC_ROOT_CLASS = YES_ERROR;
				CLANG_WARN_QUOTED_INCLUDE_IN_FRAMEWORK_HEADER = YES;
				CLANG_WARN_RANGE_LOOP_ANALYSIS = YES;
				CLANG_WARN_STRICT_PROTOTYPES = YES;
				CLANG_WARN_SUSPICIOUS_MOVE = YES;
				CLANG_WARN_UNGUARDED_AVAILABILITY = YES_AGGRESSIVE;
				CLANG_WARN_UNREACHABLE_CODE = YES;
				CLANG_WARN__DUPLICATE_METHOD_MATCH = YES;
				COPY_PHASE_STRIP = NO;
				DEBUG_INFORMATION_FORMAT = "dwarf-with-dsym";
				ENABLE_NS_ASSERTIONS = NO;
				ENABLE_STRICT_OBJC_MSGSEND = YES;
				GCC_C_LANGUAGE_STANDARD = gnu11;
				GCC_NO_COMMON_BLOCKS = YES;
				GCC_WARN_64_TO_32_BIT_CONVERSION = YES;
				GCC_WARN_ABOUT_RETURN_TYPE = YES_ERROR;
				GCC_WARN_UNDECLARED_SELECTOR = YES;
				GCC_WARN_UNINITIALIZED_AUTOS = YES_AGGRESSIVE;
				GCC_WARN_UNUSED_FUNCTION = YES;
				GCC_WARN_UNUSED_VARIABLE = YES;
				IPHONEOS_DEPLOYMENT_TARGET = 15.5;
				MTL_ENABLE_DEBUG_INFO = NO;
				MTL_FAST_MATH = YES;
				SDKROOT = iphoneos;
				SWIFT_COMPILATION_MODE = wholemodule;
				SWIFT_OPTIMIZATION_LEVEL = "-O";
				VALIDATE_PRODUCT = YES;
			};
			name = Release;
		};
		35E10417292109AE005335FF /* Debug */ = {
			isa = XCBuildConfiguration;
			baseConfigurationReference = FA0D36F21C1A059DBC82D55D /* Pods-CurrencyApp.debug.xcconfig */;
			buildSettings = {
				ASSETCATALOG_COMPILER_APPICON_NAME = AppIcon;
				ASSETCATALOG_COMPILER_GLOBAL_ACCENT_COLOR_NAME = AccentColor;
				CODE_SIGN_STYLE = Automatic;
				CURRENT_PROJECT_VERSION = 1;
				DEVELOPMENT_TEAM = 6X43DQFLA2;
				GENERATE_INFOPLIST_FILE = YES;
				INFOPLIST_FILE = CurrencyApp/Info.plist;
				INFOPLIST_KEY_UIApplicationSupportsIndirectInputEvents = YES;
				INFOPLIST_KEY_UILaunchStoryboardName = LaunchScreen;
				INFOPLIST_KEY_UIMainStoryboardFile = ConvertCurrency;
				INFOPLIST_KEY_UISupportedInterfaceOrientations_iPad = "UIInterfaceOrientationPortrait UIInterfaceOrientationPortraitUpsideDown UIInterfaceOrientationLandscapeLeft UIInterfaceOrientationLandscapeRight";
				INFOPLIST_KEY_UISupportedInterfaceOrientations_iPhone = "UIInterfaceOrientationPortrait UIInterfaceOrientationLandscapeLeft UIInterfaceOrientationLandscapeRight";
				IPHONEOS_DEPLOYMENT_TARGET = 15.5;
				LD_RUNPATH_SEARCH_PATHS = (
					"$(inherited)",
					"@executable_path/Frameworks",
				);
				MARKETING_VERSION = 1.0;
				PRODUCT_BUNDLE_IDENTIFIER = com.salwahegazy.CurrencyApp;
				PRODUCT_NAME = "$(TARGET_NAME)";
				SWIFT_EMIT_LOC_STRINGS = YES;
				SWIFT_VERSION = 5.0;
				TARGETED_DEVICE_FAMILY = 1;
			};
			name = Debug;
		};
		35E10418292109AE005335FF /* Release */ = {
			isa = XCBuildConfiguration;
			baseConfigurationReference = 81A7A53DF606B95445133552 /* Pods-CurrencyApp.release.xcconfig */;
			buildSettings = {
				ASSETCATALOG_COMPILER_APPICON_NAME = AppIcon;
				ASSETCATALOG_COMPILER_GLOBAL_ACCENT_COLOR_NAME = AccentColor;
				CODE_SIGN_STYLE = Automatic;
				CURRENT_PROJECT_VERSION = 1;
				DEVELOPMENT_TEAM = 6X43DQFLA2;
				GENERATE_INFOPLIST_FILE = YES;
				INFOPLIST_FILE = CurrencyApp/Info.plist;
				INFOPLIST_KEY_UIApplicationSupportsIndirectInputEvents = YES;
				INFOPLIST_KEY_UILaunchStoryboardName = LaunchScreen;
				INFOPLIST_KEY_UIMainStoryboardFile = ConvertCurrency;
				INFOPLIST_KEY_UISupportedInterfaceOrientations_iPad = "UIInterfaceOrientationPortrait UIInterfaceOrientationPortraitUpsideDown UIInterfaceOrientationLandscapeLeft UIInterfaceOrientationLandscapeRight";
				INFOPLIST_KEY_UISupportedInterfaceOrientations_iPhone = "UIInterfaceOrientationPortrait UIInterfaceOrientationLandscapeLeft UIInterfaceOrientationLandscapeRight";
				IPHONEOS_DEPLOYMENT_TARGET = 15.5;
				LD_RUNPATH_SEARCH_PATHS = (
					"$(inherited)",
					"@executable_path/Frameworks",
				);
				MARKETING_VERSION = 1.0;
				PRODUCT_BUNDLE_IDENTIFIER = com.salwahegazy.CurrencyApp;
				PRODUCT_NAME = "$(TARGET_NAME)";
				SWIFT_EMIT_LOC_STRINGS = YES;
				SWIFT_VERSION = 5.0;
				TARGETED_DEVICE_FAMILY = 1;
			};
			name = Release;
		};
/* End XCBuildConfiguration section */

/* Begin XCConfigurationList section */
		35E103FD292109AB005335FF /* Build configuration list for PBXProject "CurrencyApp" */ = {
			isa = XCConfigurationList;
			buildConfigurations = (
				35E10414292109AE005335FF /* Debug */,
				35E10415292109AE005335FF /* Release */,
			);
			defaultConfigurationIsVisible = 0;
			defaultConfigurationName = Release;
		};
		35E10416292109AE005335FF /* Build configuration list for PBXNativeTarget "CurrencyApp" */ = {
			isa = XCConfigurationList;
			buildConfigurations = (
				35E10417292109AE005335FF /* Debug */,
				35E10418292109AE005335FF /* Release */,
			);
			defaultConfigurationIsVisible = 0;
			defaultConfigurationName = Release;
		};
/* End XCConfigurationList section */
	};
	rootObject = 35E103FA292109AB005335FF /* Project object */;
}
